// !$*UTF8*$!
{
	archiveVersion = 1;
	classes = {
	};
	objectVersion = 46;
	objects = {

/* Begin PBXBuildFile section */
		221B03031DC4A8ED00A0DD1A /* SongsTableViewCell.swift in Sources */ = {isa = PBXBuildFile; fileRef = 221B03021DC4A8ED00A0DD1A /* SongsTableViewCell.swift */; };
		22E12C5D1DC4882000505B8D /* AppDelegate.swift in Sources */ = {isa = PBXBuildFile; fileRef = 22E12C5C1DC4882000505B8D /* AppDelegate.swift */; };
		22E12C5F1DC4882000505B8D /* ViewController.swift in Sources */ = {isa = PBXBuildFile; fileRef = 22E12C5E1DC4882000505B8D /* ViewController.swift */; };
		22E12C621DC4882000505B8D /* Main.storyboard in Resources */ = {isa = PBXBuildFile; fileRef = 22E12C601DC4882000505B8D /* Main.storyboard */; };
		22E12C641DC4882000505B8D /* Assets.xcassets in Resources */ = {isa = PBXBuildFile; fileRef = 22E12C631DC4882000505B8D /* Assets.xcassets */; };
		22E12C671DC4882000505B8D /* LaunchScreen.storyboard in Resources */ = {isa = PBXBuildFile; fileRef = 22E12C651DC4882000505B8D /* LaunchScreen.storyboard */; };
		22E12C721DC4882000505B8D /* justPlayTests.swift in Sources */ = {isa = PBXBuildFile; fileRef = 22E12C711DC4882000505B8D /* justPlayTests.swift */; };
		22E12C7D1DC4882000505B8D /* justPlayUITests.swift in Sources */ = {isa = PBXBuildFile; fileRef = 22E12C7C1DC4882000505B8D /* justPlayUITests.swift */; };
		22E12C8D1DC48D3700505B8D /* Player.swift in Sources */ = {isa = PBXBuildFile; fileRef = 22E12C8C1DC48D3700505B8D /* Player.swift */; };
		22E12C8F1DC48D4600505B8D /* Song.swift in Sources */ = {isa = PBXBuildFile; fileRef = 22E12C8E1DC48D4600505B8D /* Song.swift */; };
/* End PBXBuildFile section */

/* Begin PBXContainerItemProxy section */
		22E12C6E1DC4882000505B8D /* PBXContainerItemProxy */ = {
			isa = PBXContainerItemProxy;
			containerPortal = 22E12C511DC4882000505B8D /* Project object */;
			proxyType = 1;
			remoteGlobalIDString = 22E12C581DC4882000505B8D;
			remoteInfo = justPlay;
		};
		22E12C791DC4882000505B8D /* PBXContainerItemProxy */ = {
			isa = PBXContainerItemProxy;
			containerPortal = 22E12C511DC4882000505B8D /* Project object */;
			proxyType = 1;
			remoteGlobalIDString = 22E12C581DC4882000505B8D;
			remoteInfo = justPlay;
		};
/* End PBXContainerItemProxy section */

/* Begin PBXFileReference section */
		221B03021DC4A8ED00A0DD1A /* SongsTableViewCell.swift */ = {isa = PBXFileReference; fileEncoding = 4; lastKnownFileType = sourcecode.swift; path = SongsTableViewCell.swift; sourceTree = "<group>"; };
		22E12C591DC4882000505B8D /* justPlay.app */ = {isa = PBXFileReference; explicitFileType = wrapper.application; includeInIndex = 0; path = justPlay.app; sourceTree = BUILT_PRODUCTS_DIR; };
		22E12C5C1DC4882000505B8D /* AppDelegate.swift */ = {isa = PBXFileReference; lastKnownFileType = sourcecode.swift; path = AppDelegate.swift; sourceTree = "<group>"; };
		22E12C5E1DC4882000505B8D /* ViewController.swift */ = {isa = PBXFileReference; lastKnownFileType = sourcecode.swift; path = ViewController.swift; sourceTree = "<group>"; };
		22E12C611DC4882000505B8D /* Base */ = {isa = PBXFileReference; lastKnownFileType = file.storyboard; name = Base; path = Base.lproj/Main.storyboard; sourceTree = "<group>"; };
		22E12C631DC4882000505B8D /* Assets.xcassets */ = {isa = PBXFileReference; lastKnownFileType = folder.assetcatalog; path = Assets.xcassets; sourceTree = "<group>"; };
		22E12C661DC4882000505B8D /* Base */ = {isa = PBXFileReference; lastKnownFileType = file.storyboard; name = Base; path = Base.lproj/LaunchScreen.storyboard; sourceTree = "<group>"; };
		22E12C681DC4882000505B8D /* Info.plist */ = {isa = PBXFileReference; lastKnownFileType = text.plist.xml; path = Info.plist; sourceTree = "<group>"; };
		22E12C6D1DC4882000505B8D /* justPlayTests.xctest */ = {isa = PBXFileReference; explicitFileType = wrapper.cfbundle; includeInIndex = 0; path = justPlayTests.xctest; sourceTree = BUILT_PRODUCTS_DIR; };
		22E12C711DC4882000505B8D /* justPlayTests.swift */ = {isa = PBXFileReference; lastKnownFileType = sourcecode.swift; path = justPlayTests.swift; sourceTree = "<group>"; };
		22E12C731DC4882000505B8D /* Info.plist */ = {isa = PBXFileReference; lastKnownFileType = text.plist.xml; path = Info.plist; sourceTree = "<group>"; };
		22E12C781DC4882000505B8D /* justPlayUITests.xctest */ = {isa = PBXFileReference; explicitFileType = wrapper.cfbundle; includeInIndex = 0; path = justPlayUITests.xctest; sourceTree = BUILT_PRODUCTS_DIR; };
		22E12C7C1DC4882000505B8D /* justPlayUITests.swift */ = {isa = PBXFileReference; lastKnownFileType = sourcecode.swift; path = justPlayUITests.swift; sourceTree = "<group>"; };
		22E12C7E1DC4882000505B8D /* Info.plist */ = {isa = PBXFileReference; lastKnownFileType = text.plist.xml; path = Info.plist; sourceTree = "<group>"; };
		22E12C8C1DC48D3700505B8D /* Player.swift */ = {isa = PBXFileReference; fileEncoding = 4; lastKnownFileType = sourcecode.swift; path = Player.swift; sourceTree = "<group>"; };
		22E12C8E1DC48D4600505B8D /* Song.swift */ = {isa = PBXFileReference; fileEncoding = 4; lastKnownFileType = sourcecode.swift; path = Song.swift; sourceTree = "<group>"; };
/* End PBXFileReference section */

/* Begin PBXFrameworksBuildPhase section */
		22E12C561DC4882000505B8D /* Frameworks */ = {
			isa = PBXFrameworksBuildPhase;
			buildActionMask = 2147483647;
			files = (
			);
			runOnlyForDeploymentPostprocessing = 0;
		};
		22E12C6A1DC4882000505B8D /* Frameworks */ = {
			isa = PBXFrameworksBuildPhase;
			buildActionMask = 2147483647;
			files = (
			);
			runOnlyForDeploymentPostprocessing = 0;
		};
		22E12C751DC4882000505B8D /* Frameworks */ = {
			isa = PBXFrameworksBuildPhase;
			buildActionMask = 2147483647;
			files = (
			);
			runOnlyForDeploymentPostprocessing = 0;
		};
/* End PBXFrameworksBuildPhase section */

/* Begin PBXGroup section */
		22E12C501DC4882000505B8D = {
			isa = PBXGroup;
			children = (
				22E12C5B1DC4882000505B8D /* justPlay */,
				22E12C701DC4882000505B8D /* justPlayTests */,
				22E12C7B1DC4882000505B8D /* justPlayUITests */,
				22E12C5A1DC4882000505B8D /* Products */,
			);
			sourceTree = "<group>";
		};
		22E12C5A1DC4882000505B8D /* Products */ = {
			isa = PBXGroup;
			children = (
				22E12C591DC4882000505B8D /* justPlay.app */,
				22E12C6D1DC4882000505B8D /* justPlayTests.xctest */,
				22E12C781DC4882000505B8D /* justPlayUITests.xctest */,
			);
			name = Products;
			sourceTree = "<group>";
		};
		22E12C5B1DC4882000505B8D /* justPlay */ = {
			isa = PBXGroup;
			children = (
				22E12C5C1DC4882000505B8D /* AppDelegate.swift */,
				22E12C5E1DC4882000505B8D /* ViewController.swift */,
				22E12C601DC4882000505B8D /* Main.storyboard */,
				22E12C631DC4882000505B8D /* Assets.xcassets */,
				22E12C651DC4882000505B8D /* LaunchScreen.storyboard */,
				22E12C681DC4882000505B8D /* Info.plist */,
				22E12C8C1DC48D3700505B8D /* Player.swift */,
				22E12C8E1DC48D4600505B8D /* Song.swift */,
				221B03021DC4A8ED00A0DD1A /* SongsTableViewCell.swift */,
			);
			path = justPlay;
			sourceTree = "<group>";
		};
		22E12C701DC4882000505B8D /* justPlayTests */ = {
			isa = PBXGroup;
			children = (
				22E12C711DC4882000505B8D /* justPlayTests.swift */,
				22E12C731DC4882000505B8D /* Info.plist */,
			);
			path = justPlayTests;
			sourceTree = "<group>";
		};
		22E12C7B1DC4882000505B8D /* justPlayUITests */ = {
			isa = PBXGroup;
			children = (
				22E12C7C1DC4882000505B8D /* justPlayUITests.swift */,
				22E12C7E1DC4882000505B8D /* Info.plist */,
			);
			path = justPlayUITests;
			sourceTree = "<group>";
		};
/* End PBXGroup section */

/* Begin PBXNativeTarget section */
		22E12C581DC4882000505B8D /* justPlay */ = {
			isa = PBXNativeTarget;
			buildConfigurationList = 22E12C811DC4882000505B8D /* Build configuration list for PBXNativeTarget "justPlay" */;
			buildPhases = (
				22E12C551DC4882000505B8D /* Sources */,
				22E12C561DC4882000505B8D /* Frameworks */,
				22E12C571DC4882000505B8D /* Resources */,
			);
			buildRules = (
			);
			dependencies = (
			);
			name = justPlay;
			productName = justPlay;
			productReference = 22E12C591DC4882000505B8D /* justPlay.app */;
			productType = "com.apple.product-type.application";
		};
		22E12C6C1DC4882000505B8D /* justPlayTests */ = {
			isa = PBXNativeTarget;
			buildConfigurationList = 22E12C841DC4882000505B8D /* Build configuration list for PBXNativeTarget "justPlayTests" */;
			buildPhases = (
				22E12C691DC4882000505B8D /* Sources */,
				22E12C6A1DC4882000505B8D /* Frameworks */,
				22E12C6B1DC4882000505B8D /* Resources */,
			);
			buildRules = (
			);
			dependencies = (
				22E12C6F1DC4882000505B8D /* PBXTargetDependency */,
			);
			name = justPlayTests;
			productName = justPlayTests;
			productReference = 22E12C6D1DC4882000505B8D /* justPlayTests.xctest */;
			productType = "com.apple.product-type.bundle.unit-test";
		};
		22E12C771DC4882000505B8D /* justPlayUITests */ = {
			isa = PBXNativeTarget;
			buildConfigurationList = 22E12C871DC4882000505B8D /* Build configuration list for PBXNativeTarget "justPlayUITests" */;
			buildPhases = (
				22E12C741DC4882000505B8D /* Sources */,
				22E12C751DC4882000505B8D /* Frameworks */,
				22E12C761DC4882000505B8D /* Resources */,
			);
			buildRules = (
			);
			dependencies = (
				22E12C7A1DC4882000505B8D /* PBXTargetDependency */,
			);
			name = justPlayUITests;
			productName = justPlayUITests;
			productReference = 22E12C781DC4882000505B8D /* justPlayUITests.xctest */;
			productType = "com.apple.product-type.bundle.ui-testing";
		};
/* End PBXNativeTarget section */

/* Begin PBXProject section */
		22E12C511DC4882000505B8D /* Project object */ = {
			isa = PBXProject;
			attributes = {
				LastSwiftUpdateCheck = 0800;
				LastUpgradeCheck = 0800;
				ORGANIZATIONNAME = JIT;
				TargetAttributes = {
					22E12C581DC4882000505B8D = {
						CreatedOnToolsVersion = 8.0;
						DevelopmentTeam = 52U4N2QPW3;
						ProvisioningStyle = Automatic;
					};
					22E12C6C1DC4882000505B8D = {
						CreatedOnToolsVersion = 8.0;
						ProvisioningStyle = Automatic;
						TestTargetID = 22E12C581DC4882000505B8D;
					};
					22E12C771DC4882000505B8D = {
						CreatedOnToolsVersion = 8.0;
						ProvisioningStyle = Automatic;
						TestTargetID = 22E12C581DC4882000505B8D;
					};
				};
			};
			buildConfigurationList = 22E12C541DC4882000505B8D /* Build configuration list for PBXProject "justPlay" */;
			compatibilityVersion = "Xcode 3.2";
			developmentRegion = English;
			hasScannedForEncodings = 0;
			knownRegions = (
				en,
				Base,
			);
			mainGroup = 22E12C501DC4882000505B8D;
			productRefGroup = 22E12C5A1DC4882000505B8D /* Products */;
			projectDirPath = "";
			projectRoot = "";
			targets = (
				22E12C581DC4882000505B8D /* justPlay */,
				22E12C6C1DC4882000505B8D /* justPlayTests */,
				22E12C771DC4882000505B8D /* justPlayUITests */,
			);
		};
/* End PBXProject section */

/* Begin PBXResourcesBuildPhase section */
		22E12C571DC4882000505B8D /* Resources */ = {
			isa = PBXResourcesBuildPhase;
			buildActionMask = 2147483647;
			files = (
				22E12C671DC4882000505B8D /* LaunchScreen.storyboard in Resources */,
				22E12C641DC4882000505B8D /* Assets.xcassets in Resources */,
				22E12C621DC4882000505B8D /* Main.storyboard in Resources */,
			);
			runOnlyForDeploymentPostprocessing = 0;
		};
		22E12C6B1DC4882000505B8D /* Resources */ = {
			isa = PBXResourcesBuildPhase;
			buildActionMask = 2147483647;
			files = (
			);
			runOnlyForDeploymentPostprocessing = 0;
		};
		22E12C761DC4882000505B8D /* Resources */ = {
			isa = PBXResourcesBuildPhase;
			buildActionMask = 2147483647;
			files = (
			);
			runOnlyForDeploymentPostprocessing = 0;
		};
/* End PBXResourcesBuildPhase section */

/* Begin PBXSourcesBuildPhase section */
		22E12C551DC4882000505B8D /* Sources */ = {
			isa = PBXSourcesBuildPhase;
			buildActionMask = 2147483647;
			files = (
				221B03031DC4A8ED00A0DD1A /* SongsTableViewCell.swift in Sources */,
				22E12C8F1DC48D4600505B8D /* Song.swift in Sources */,
				22E12C5F1DC4882000505B8D /* ViewController.swift in Sources */,
				22E12C8D1DC48D3700505B8D /* Player.swift in Sources */,
				22E12C5D1DC4882000505B8D /* AppDelegate.swift in Sources */,
			);
			runOnlyForDeploymentPostprocessing = 0;
		};
		22E12C691DC4882000505B8D /* Sources */ = {
			isa = PBXSourcesBuildPhase;
			buildActionMask = 2147483647;
			files = (
				22E12C721DC4882000505B8D /* justPlayTests.swift in Sources */,
			);
			runOnlyForDeploymentPostprocessing = 0;
		};
		22E12C741DC4882000505B8D /* Sources */ = {
			isa = PBXSourcesBuildPhase;
			buildActionMask = 2147483647;
			files = (
				22E12C7D1DC4882000505B8D /* justPlayUITests.swift in Sources */,
			);
			runOnlyForDeploymentPostprocessing = 0;
		};
/* End PBXSourcesBuildPhase section */

/* Begin PBXTargetDependency section */
		22E12C6F1DC4882000505B8D /* PBXTargetDependency */ = {
			isa = PBXTargetDependency;
			target = 22E12C581DC4882000505B8D /* justPlay */;
			targetProxy = 22E12C6E1DC4882000505B8D /* PBXContainerItemProxy */;
		};
		22E12C7A1DC4882000505B8D /* PBXTargetDependency */ = {
			isa = PBXTargetDependency;
			target = 22E12C581DC4882000505B8D /* justPlay */;
			targetProxy = 22E12C791DC4882000505B8D /* PBXContainerItemProxy */;
		};
/* End PBXTargetDependency section */

/* Begin PBXVariantGroup section */
		22E12C601DC4882000505B8D /* Main.storyboard */ = {
			isa = PBXVariantGroup;
			children = (
				22E12C611DC4882000505B8D /* Base */,
			);
			name = Main.storyboard;
			sourceTree = "<group>";
		};
		22E12C651DC4882000505B8D /* LaunchScreen.storyboard */ = {
			isa = PBXVariantGroup;
			children = (
				22E12C661DC4882000505B8D /* Base */,
			);
			name = LaunchScreen.storyboard;
			sourceTree = "<group>";
		};
/* End PBXVariantGroup section */

/* Begin XCBuildConfiguration section */
		22E12C7F1DC4882000505B8D /* Debug */ = {
			isa = XCBuildConfiguration;
			buildSettings = {
				ALWAYS_SEARCH_USER_PATHS = NO;
				CLANG_ANALYZER_NONNULL = YES;
				CLANG_CXX_LANGUAGE_STANDARD = "gnu++0x";
				CLANG_CXX_LIBRARY = "libc++";
				CLANG_ENABLE_MODULES = YES;
				CLANG_ENABLE_OBJC_ARC = YES;
				CLANG_WARN_BOOL_CONVERSION = YES;
				CLANG_WARN_CONSTANT_CONVERSION = YES;
				CLANG_WARN_DIRECT_OBJC_ISA_USAGE = YES_ERROR;
				CLANG_WARN_DOCUMENTATION_COMMENTS = YES;
				CLANG_WARN_EMPTY_BODY = YES;
				CLANG_WARN_ENUM_CONVERSION = YES;
				CLANG_WARN_INFINITE_RECURSION = YES;
				CLANG_WARN_INT_CONVERSION = YES;
				CLANG_WARN_OBJC_ROOT_CLASS = YES_ERROR;
				CLANG_WARN_SUSPICIOUS_MOVES = YES;
				CLANG_WARN_UNREACHABLE_CODE = YES;
				CLANG_WARN__DUPLICATE_METHOD_MATCH = YES;
				"CODE_SIGN_IDENTITY[sdk=iphoneos*]" = "iPhone Developer";
				COPY_PHASE_STRIP = NO;
				DEBUG_INFORMATION_FORMAT = dwarf;
				ENABLE_STRICT_OBJC_MSGSEND = YES;
				ENABLE_TESTABILITY = YES;
				GCC_C_LANGUAGE_STANDARD = gnu99;
				GCC_DYNAMIC_NO_PIC = NO;
				GCC_NO_COMMON_BLOCKS = YES;
				GCC_OPTIMIZATION_LEVEL = 0;
				GCC_PREPROCESSOR_DEFINITIONS = (
					"DEBUG=1",
					"$(inherited)",
				);
				GCC_WARN_64_TO_32_BIT_CONVERSION = YES;
				GCC_WARN_ABOUT_RETURN_TYPE = YES_ERROR;
				GCC_WARN_UNDECLARED_SELECTOR = YES;
				GCC_WARN_UNINITIALIZED_AUTOS = YES_AGGRESSIVE;
				GCC_WARN_UNUSED_FUNCTION = YES;
				GCC_WARN_UNUSED_VARIABLE = YES;
				IPHONEOS_DEPLOYMENT_TARGET = 10.0;
				MTL_ENABLE_DEBUG_INFO = YES;
				ONLY_ACTIVE_ARCH = YES;
				SDKROOT = iphoneos;
				SWIFT_ACTIVE_COMPILATION_CONDITIONS = DEBUG;
				SWIFT_OPTIMIZATION_LEVEL = "-Onone";
				TARGETED_DEVICE_FAMILY = "1,2";
			};
			name = Debug;
		};
		22E12C801DC4882000505B8D /* Release */ = {
			isa = XCBuildConfiguration;
			buildSettings = {
				ALWAYS_SEARCH_USER_PATHS = NO;
				CLANG_ANALYZER_NONNULL = YES;
				CLANG_CXX_LANGUAGE_STANDARD = "gnu++0x";
				CLANG_CXX_LIBRARY = "libc++";
				CLANG_ENABLE_MODULES = YES;
				CLANG_ENABLE_OBJC_ARC = YES;
				CLANG_WARN_BOOL_CONVERSION = YES;
				CLANG_WARN_CONSTANT_CONVERSION = YES;
				CLANG_WARN_DIRECT_OBJC_ISA_USAGE = YES_ERROR;
				CLANG_WARN_DOCUMENTATION_COMMENTS = YES;
				CLANG_WARN_EMPTY_BODY = YES;
				CLANG_WARN_ENUM_CONVERSION = YES;
				CLANG_WARN_INFINITE_RECURSION = YES;
				CLANG_WARN_INT_CONVERSION = YES;
				CLANG_WARN_OBJC_ROOT_CLASS = YES_ERROR;
				CLANG_WARN_SUSPICIOUS_MOVES = YES;
				CLANG_WARN_UNREACHABLE_CODE = YES;
				CLANG_WARN__DUPLICATE_METHOD_MATCH = YES;
				"CODE_SIGN_IDENTITY[sdk=iphoneos*]" = "iPhone Developer";
				COPY_PHASE_STRIP = NO;
				DEBUG_INFORMATION_FORMAT = "dwarf-with-dsym";
				ENABLE_NS_ASSERTIONS = NO;
				ENABLE_STRICT_OBJC_MSGSEND = YES;
				GCC_C_LANGUAGE_STANDARD = gnu99;
				GCC_NO_COMMON_BLOCKS = YES;
				GCC_WARN_64_TO_32_BIT_CONVERSION = YES;
				GCC_WARN_ABOUT_RETURN_TYPE = YES_ERROR;
				GCC_WARN_UNDECLARED_SELECTOR = YES;
				GCC_WARN_UNINITIALIZED_AUTOS = YES_AGGRESSIVE;
				GCC_WARN_UNUSED_FUNCTION = YES;
				GCC_WARN_UNUSED_VARIABLE = YES;
				IPHONEOS_DEPLOYMENT_TARGET = 10.0;
				MTL_ENABLE_DEBUG_INFO = NO;
				SDKROOT = iphoneos;
				SWIFT_OPTIMIZATION_LEVEL = "-Owholemodule";
				TARGETED_DEVICE_FAMILY = "1,2";
				VALIDATE_PRODUCT = YES;
			};
			name = Release;
		};
		22E12C821DC4882000505B8D /* Debug */ = {
			isa = XCBuildConfiguration;
			buildSettings = {
				ASSETCATALOG_COMPILER_APPICON_NAME = AppIcon;
				DEVELOPMENT_TEAM = 52U4N2QPW3;
				INFOPLIST_FILE = justPlay/Info.plist;
				IPHONEOS_DEPLOYMENT_TARGET = 8.0;
				LD_RUNPATH_SEARCH_PATHS = "$(inherited) @executable_path/Frameworks";
				PRODUCT_BUNDLE_IDENTIFIER = com.jit.justPlay2;
				PRODUCT_NAME = "$(TARGET_NAME)";
				SWIFT_VERSION = 3.0;
			};
			name = Debug;
		};
		22E12C831DC4882000505B8D /* Release */ = {
			isa = XCBuildConfiguration;
			buildSettings = {
				ASSETCATALOG_COMPILER_APPICON_NAME = AppIcon;
				DEVELOPMENT_TEAM = 52U4N2QPW3;
				INFOPLIST_FILE = justPlay/Info.plist;
				IPHONEOS_DEPLOYMENT_TARGET = 8.0;
				LD_RUNPATH_SEARCH_PATHS = "$(inherited) @executable_path/Frameworks";
				PRODUCT_BUNDLE_IDENTIFIER = com.jit.justPlay2;
				PRODUCT_NAME = "$(TARGET_NAME)";
				SWIFT_VERSION = 3.0;
			};
			name = Release;
		};
		22E12C851DC4882000505B8D /* Debug */ = {
			isa = XCBuildConfiguration;
			buildSettings = {
				ALWAYS_EMBED_SWIFT_STANDARD_LIBRARIES = YES;
				BUNDLE_LOADER = "$(TEST_HOST)";
				INFOPLIST_FILE = justPlayTests/Info.plist;
				LD_RUNPATH_SEARCH_PATHS = "$(inherited) @executable_path/Frameworks @loader_path/Frameworks";
				PRODUCT_BUNDLE_IDENTIFIER = com.jit.justPlayTests;
				PRODUCT_NAME = "$(TARGET_NAME)";
				SWIFT_VERSION = 3.0;
				TEST_HOST = "$(BUILT_PRODUCTS_DIR)/justPlay.app/justPlay";
			};
			name = Debug;
		};
		22E12C861DC4882000505B8D /* Release */ = {
			isa = XCBuildConfiguration;
			buildSettings = {
				ALWAYS_EMBED_SWIFT_STANDARD_LIBRARIES = YES;
				BUNDLE_LOADER = "$(TEST_HOST)";
				INFOPLIST_FILE = justPlayTests/Info.plist;
				LD_RUNPATH_SEARCH_PATHS = "$(inherited) @executable_path/Frameworks @loader_path/Frameworks";
				PRODUCT_BUNDLE_IDENTIFIER = com.jit.justPlayTests;
				PRODUCT_NAME = "$(TARGET_NAME)";
				SWIFT_VERSION = 3.0;
				TEST_HOST = "$(BUILT_PRODUCTS_DIR)/justPlay.app/justPlay";
			};
			name = Release;
		};
		22E12C881DC4882000505B8D /* Debug */ = {
			isa = XCBuildConfiguration;
			buildSettings = {
				ALWAYS_EMBED_SWIFT_STANDARD_LIBRARIES = YES;
				INFOPLIST_FILE = justPlayUITests/Info.plist;
				LD_RUNPATH_SEARCH_PATHS = "$(inherited) @executable_path/Frameworks @loader_path/Frameworks";
				PRODUCT_BUNDLE_IDENTIFIER = com.jit.justPlayUITests;
				PRODUCT_NAME = "$(TARGET_NAME)";
				SWIFT_VERSION = 3.0;
				TEST_TARGET_NAME = justPlay;
			};
			name = Debug;
		};
		22E12C891DC4882000505B8D /* Release */ = {
			isa = XCBuildConfiguration;
			buildSettings = {
				ALWAYS_EMBED_SWIFT_STANDARD_LIBRARIES = YES;
				INFOPLIST_FILE = justPlayUITests/Info.plist;
				LD_RUNPATH_SEARCH_PATHS = "$(inherited) @executable_path/Frameworks @loader_path/Frameworks";
				PRODUCT_BUNDLE_IDENTIFIER = com.jit.justPlayUITests;
				PRODUCT_NAME = "$(TARGET_NAME)";
				SWIFT_VERSION = 3.0;
				TEST_TARGET_NAME = justPlay;
			};
			name = Release;
		};
/* End XCBuildConfiguration section */

/* Begin XCConfigurationList section */
		22E12C541DC4882000505B8D /* Build configuration list for PBXProject "justPlay" */ = {
			isa = XCConfigurationList;
			buildConfigurations = (
				22E12C7F1DC4882000505B8D /* Debug */,
				22E12C801DC4882000505B8D /* Release */,
			);
			defaultConfigurationIsVisible = 0;
			defaultConfigurationName = Release;
		};
		22E12C811DC4882000505B8D /* Build configuration list for PBXNativeTarget "justPlay" */ = {
			isa = XCConfigurationList;
			buildConfigurations = (
				22E12C821DC4882000505B8D /* Debug */,
				22E12C831DC4882000505B8D /* Release */,
			);
			defaultConfigurationIsVisible = 0;
			defaultConfigurationName = Release;
		};
		22E12C841DC4882000505B8D /* Build configuration list for PBXNativeTarget "justPlayTests" */ = {
			isa = XCConfigurationList;
			buildConfigurations = (
				22E12C851DC4882000505B8D /* Debug */,
				22E12C861DC4882000505B8D /* Release */,
			);
			defaultConfigurationIsVisible = 0;
			defaultConfigurationName = Release;
		};
		22E12C871DC4882000505B8D /* Build configuration list for PBXNativeTarget "justPlayUITests" */ = {
			isa = XCConfigurationList;
			buildConfigurations = (
				22E12C881DC4882000505B8D /* Debug */,
				22E12C891DC4882000505B8D /* Release */,
			);
			defaultConfigurationIsVisible = 0;
			defaultConfigurationName = Release;
		};
/* End XCConfigurationList section */
	};
	rootObject = 22E12C511DC4882000505B8D /* Project object */;
}
